
Microsoft Visual Studio Solution File, Format Version 12.00
# Visual Studio Version 17
VisualStudioVersion = 17.9.34728.123
MinimumVisualStudioVersion = 10.0.40219.1
Project("{9A19103F-16F7-4668-BE54-9A1E7A4F7556}") = "DesertGameThon.Data", "DesesrtGameThon.Data\DesertGameThon.Data.csproj", "{E03CCAE3-CE93-4B61-8DAD-BF3D70D5DB93}"
EndProject
Project("{9A19103F-16F7-4668-BE54-9A1E7A4F7556}") = "DesertGameThon.Model", "DesertGameThon.Model\DesertGameThon.Model.csproj", "{89B12F18-ED3C-4CBD-B055-FA8BC594C54F}"
EndProject
Project("{FAE04EC0-301F-11D3-BF4B-00C04F79EFBC}") = "DesertGameThon.App", "DesertGameThon.App\DesertGameThon.App.csproj", "{5CACB82B-5048-4529-8DE0-116218E90F41}"
EndProject
Global
	GlobalSection(SolutionConfigurationPlatforms) = preSolution
		Debug|Any CPU = Debug|Any CPU
		Release|Any CPU = Release|Any CPU
	EndGlobalSection
	GlobalSection(ProjectConfigurationPlatforms) = postSolution
		{E03CCAE3-CE93-4B61-8DAD-BF3D70D5DB93}.Debug|Any CPU.ActiveCfg = Debug|Any CPU
		{E03CCAE3-CE93-4B61-8DAD-BF3D70D5DB93}.Debug|Any CPU.Build.0 = Debug|Any CPU
		{E03CCAE3-CE93-4B61-8DAD-BF3D70D5DB93}.Release|Any CPU.ActiveCfg = Release|Any CPU
		{E03CCAE3-CE93-4B61-8DAD-BF3D70D5DB93}.Release|Any CPU.Build.0 = Release|Any CPU
		{89B12F18-ED3C-4CBD-B055-FA8BC594C54F}.Debug|Any CPU.ActiveCfg = Debug|Any CPU
		{89B12F18-ED3C-4CBD-B055-FA8BC594C54F}.Debug|Any CPU.Build.0 = Debug|Any CPU
		{89B12F18-ED3C-4CBD-B055-FA8BC594C54F}.Release|Any CPU.ActiveCfg = Release|Any CPU
		{89B12F18-ED3C-4CBD-B055-FA8BC594C54F}.Release|Any CPU.Build.0 = Release|Any CPU
		{5CACB82B-5048-4529-8DE0-116218E90F41}.Debug|Any CPU.ActiveCfg = Debug|Any CPU
		{5CACB82B-5048-4529-8DE0-116218E90F41}.Debug|Any CPU.Build.0 = Debug|Any CPU
		{5CACB82B-5048-4529-8DE0-116218E90F41}.Release|Any CPU.ActiveCfg = Release|Any CPU
		{5CACB82B-5048-4529-8DE0-116218E90F41}.Release|Any CPU.Build.0 = Release|Any CPU
	EndGlobalSection
	GlobalSection(SolutionProperties) = preSolution
		HideSolutionNode = FALSE
	EndGlobalSection
	GlobalSection(ExtensibilityGlobals) = postSolution
		SolutionGuid = {C17136EB-A8E8-477C-BCA2-AC3EA79AC2C5}
	EndGlobalSection
EndGlobal
